PODS:
  - Delayed (2.3.6)
  - Flask (1.1.26):
    - Delayed (> 2.2.2)

DEPENDENCIES:
  - Flask

SPEC REPOS:
  https://github.com/cocoapods/specs.git:
    - Delayed
    - Flask

SPEC CHECKSUMS:
  Delayed: 84ce53e7a16a9fb93fdda058e2a21334a6567645
  Flask: 3a78c9de68f42d47537d9e1d135349a9720f8512

PODFILE CHECKSUM: b2e17beba73eb91a3be3dc29e1dac7ad71799e36

COCOAPODS: 1.5.3
