// !$*UTF8*$!
{
	archiveVersion = 1;
	classes = {
	};
	objectVersion = 50;
	objects = {

/* Begin PBXBuildFile section */
		0B3FC4BA21CC837C1A970459 /* Pods_FlaskNavTests.framework in Frameworks */ = {isa = PBXBuildFile; fileRef = 248B7C7A42F05FCF01A6C174 /* Pods_FlaskNavTests.framework */; };
		2616BB6A2155946D00A6AEFB /* NavInfoProtocol.swift in Sources */ = {isa = PBXBuildFile; fileRef = 2616BB692155946D00A6AEFB /* NavInfoProtocol.swift */; };
		2616BB6C2155963900A6AEFB /* AsyncViewController.swift in Sources */ = {isa = PBXBuildFile; fileRef = 2616BB6B2155963900A6AEFB /* AsyncViewController.swift */; };
		2616BB6E2155A0D600A6AEFB /* Nav+Constructor.swift in Sources */ = {isa = PBXBuildFile; fileRef = 2616BB6D2155A0D600A6AEFB /* Nav+Constructor.swift */; };
		2616BB732155A1BC00A6AEFB /* Nav+Reactor.swift in Sources */ = {isa = PBXBuildFile; fileRef = 2616BB722155A1BC00A6AEFB /* Nav+Reactor.swift */; };
		2616BB752155A1F000A6AEFB /* Nav+Operations.swift in Sources */ = {isa = PBXBuildFile; fileRef = 2616BB742155A1F000A6AEFB /* Nav+Operations.swift */; };
		2616BB772155CF8F00A6AEFB /* Operation.swift in Sources */ = {isa = PBXBuildFile; fileRef = 2616BB762155CF8F00A6AEFB /* Operation.swift */; };
		2616BB792155D65800A6AEFB /* Nav+Config.swift in Sources */ = {isa = PBXBuildFile; fileRef = 2616BB782155D65800A6AEFB /* Nav+Config.swift */; };
		2616BB7B2155D6F900A6AEFB /* Nav+Display.swift in Sources */ = {isa = PBXBuildFile; fileRef = 2616BB7A2155D6F900A6AEFB /* Nav+Display.swift */; };
		2616BB7D2155D76700A6AEFB /* Nav+Stack.swift in Sources */ = {isa = PBXBuildFile; fileRef = 2616BB7C2155D76700A6AEFB /* Nav+Stack.swift */; };
		2616BB7F2155D78600A6AEFB /* Nav+Setup.swift in Sources */ = {isa = PBXBuildFile; fileRef = 2616BB7E2155D78600A6AEFB /* Nav+Setup.swift */; };
		2616BB892157105100A6AEFB /* NavContext.swift in Sources */ = {isa = PBXBuildFile; fileRef = 2616BB882157105100A6AEFB /* NavContext.swift */; };
		2616BB8B21573B4C00A6AEFB /* NavStack.swift in Sources */ = {isa = PBXBuildFile; fileRef = 2616BB8A21573B4C00A6AEFB /* NavStack.swift */; };
		2616BB8D2157546D00A6AEFB /* NavInfo.swift in Sources */ = {isa = PBXBuildFile; fileRef = 2616BB8C2157546D00A6AEFB /* NavInfo.swift */; };
		2622D0E3215C8CEC0060AAE3 /* Nav+Composer.swift in Sources */ = {isa = PBXBuildFile; fileRef = 2622D0E2215C8CEC0060AAE3 /* Nav+Composer.swift */; };
		262599DE2159D000003144ED /* Nav+Dispatcher.swift in Sources */ = {isa = PBXBuildFile; fileRef = 262599DD2159D000003144ED /* Nav+Dispatcher.swift */; };
		263B10C22159C7CA00E6E5C4 /* Composition.swift in Sources */ = {isa = PBXBuildFile; fileRef = 263B10C12159C7CA00E6E5C4 /* Composition.swift */; };
		263B10C42159C7D200E6E5C4 /* Interface.swift in Sources */ = {isa = PBXBuildFile; fileRef = 263B10C32159C7D200E6E5C4 /* Interface.swift */; };
		263B10C62159C81100E6E5C4 /* StackLayers.swift in Sources */ = {isa = PBXBuildFile; fileRef = 263B10C52159C81100E6E5C4 /* StackLayers.swift */; };
		263B10C82159C95A00E6E5C4 /* Nav+Queue.swift in Sources */ = {isa = PBXBuildFile; fileRef = 263B10C72159C95A00E6E5C4 /* Nav+Queue.swift */; };
		263B10CA2159C9BC00E6E5C4 /* Nav+Navigators.swift in Sources */ = {isa = PBXBuildFile; fileRef = 263B10C92159C9BC00E6E5C4 /* Nav+Navigators.swift */; };
		263B10CC2159CCB500E6E5C4 /* Nav+Composition.swift in Sources */ = {isa = PBXBuildFile; fileRef = 263B10CB2159CCB500E6E5C4 /* Nav+Composition.swift */; };
		2667A6062160071000F87A1B /* NavLayer.swift in Sources */ = {isa = PBXBuildFile; fileRef = 2667A6052160071000F87A1B /* NavLayer.swift */; };
		2667A608216051FA00F87A1B /* ContextManager.swift in Sources */ = {isa = PBXBuildFile; fileRef = 2667A607216051FA00F87A1B /* ContextManager.swift */; };
		2667A6102162D39300F87A1B /* NavConfig.swift in Sources */ = {isa = PBXBuildFile; fileRef = 2667A60F2162D39300F87A1B /* NavConfig.swift */; };
		2667A6142163100000F87A1B /* ModalRootController.swift in Sources */ = {isa = PBXBuildFile; fileRef = 2667A6132163100000F87A1B /* ModalRootController.swift */; };
		2667A6162163C41C00F87A1B /* InactiveBackView.swift in Sources */ = {isa = PBXBuildFile; fileRef = 2667A6152163C41C00F87A1B /* InactiveBackView.swift */; };
		2667A6192163DAE400F87A1B /* NavPresentator.swift in Sources */ = {isa = PBXBuildFile; fileRef = 2667A6182163DAE400F87A1B /* NavPresentator.swift */; };
		2667A61B2163E08600F87A1B /* TouchForwardingView.swift in Sources */ = {isa = PBXBuildFile; fileRef = 2667A61A2163E08600F87A1B /* TouchForwardingView.swift */; };
		2667A61D2163E26900F87A1B /* FlaskNavigationController.swift in Sources */ = {isa = PBXBuildFile; fileRef = 2667A61C2163E26900F87A1B /* FlaskNavigationController.swift */; };
		2667A61F2163E9C800F87A1B /* NavDebug.swift in Sources */ = {isa = PBXBuildFile; fileRef = 2667A61E2163E9C800F87A1B /* NavDebug.swift */; };
		2667A6212163EFDA00F87A1B /* NavPresentationController.swift in Sources */ = {isa = PBXBuildFile; fileRef = 2667A6202163EFDA00F87A1B /* NavPresentationController.swift */; };
		2667A6242163F18D00F87A1B /* NavAnimatorClass.swift in Sources */ = {isa = PBXBuildFile; fileRef = 2667A6232163F18D00F87A1B /* NavAnimatorClass.swift */; };
		2667A6262163FC2800F87A1B /* NavAnimators.swift in Sources */ = {isa = PBXBuildFile; fileRef = 2667A6252163FC2800F87A1B /* NavAnimators.swift */; };
		2667A62B216409FF00F87A1B /* NavAnimatorSlide.swift in Sources */ = {isa = PBXBuildFile; fileRef = 2667A62A216409FF00F87A1B /* NavAnimatorSlide.swift */; };
		2667A62D21640BFD00F87A1B /* NavAnimatorZoom.swift in Sources */ = {isa = PBXBuildFile; fileRef = 2667A62C21640BFD00F87A1B /* NavAnimatorZoom.swift */; };
		2667A62F2164170C00F87A1B /* NavAnimatorBasic.swift in Sources */ = {isa = PBXBuildFile; fileRef = 2667A62E2164170C00F87A1B /* NavAnimatorBasic.swift */; };
		2667A63221641C0900F87A1B /* NavSerializer.swift in Sources */ = {isa = PBXBuildFile; fileRef = 2667A63121641C0900F87A1B /* NavSerializer.swift */; };
		266CDECB215308DA003B0F11 /* AnyCodable.swift in Sources */ = {isa = PBXBuildFile; fileRef = 266CDECA215308DA003B0F11 /* AnyCodable.swift */; };
		26703784217125C1006CE84F /* Nav+Transactions.swift in Sources */ = {isa = PBXBuildFile; fileRef = 26703783217125C1006CE84F /* Nav+Transactions.swift */; };
		2670378621712914006CE84F /* NavActiveLayer.swift in Sources */ = {isa = PBXBuildFile; fileRef = 2670378521712914006CE84F /* NavActiveLayer.swift */; };
		2670378821715796006CE84F /* NavAnimatorFade.swift in Sources */ = {isa = PBXBuildFile; fileRef = 2670378721715796006CE84F /* NavAnimatorFade.swift */; };
		2670378D21738AC6006CE84F /* NavGesture.swift in Sources */ = {isa = PBXBuildFile; fileRef = 2670378C21738AC6006CE84F /* NavGesture.swift */; };
		2670379021738C2C006CE84F /* NavGestureZoom.swift in Sources */ = {isa = PBXBuildFile; fileRef = 2670378F21738C2C006CE84F /* NavGestureZoom.swift */; };
		2670379221738C36006CE84F /* NavGesturePan.swift in Sources */ = {isa = PBXBuildFile; fileRef = 2670379121738C36006CE84F /* NavGesturePan.swift */; };
		268EC7B3217026C30086A2FC /* Nav+Presentators.swift in Sources */ = {isa = PBXBuildFile; fileRef = 268EC7B2217026C30086A2FC /* Nav+Presentators.swift */; };
		269B147A2165AAC400208360 /* Nav+Animator.swift in Sources */ = {isa = PBXBuildFile; fileRef = 269B14792165AAC400208360 /* Nav+Animator.swift */; };
		26B8070E214DC740008091C2 /* AppDelegate.swift in Sources */ = {isa = PBXBuildFile; fileRef = 26B8070D214DC740008091C2 /* AppDelegate.swift */; };
		26B80710214DC740008091C2 /* ViewController.swift in Sources */ = {isa = PBXBuildFile; fileRef = 26B8070F214DC740008091C2 /* ViewController.swift */; };
		26B80715214DC740008091C2 /* Assets.xcassets in Resources */ = {isa = PBXBuildFile; fileRef = 26B80714214DC740008091C2 /* Assets.xcassets */; };
		26B80718214DC740008091C2 /* LaunchScreen.storyboard in Resources */ = {isa = PBXBuildFile; fileRef = 26B80716214DC740008091C2 /* LaunchScreen.storyboard */; };
		26B80723214DC740008091C2 /* FlaskNavTests.swift in Sources */ = {isa = PBXBuildFile; fileRef = 26B80722214DC740008091C2 /* FlaskNavTests.swift */; };
		26B8072F214DCAF8008091C2 /* Nav.swift in Sources */ = {isa = PBXBuildFile; fileRef = 26B8072E214DCAF8008091C2 /* Nav.swift */; };
		26B80733214DCE82008091C2 /* MyNav.swift in Sources */ = {isa = PBXBuildFile; fileRef = 26B80732214DCE82008091C2 /* MyNav.swift */; };
		26B80735214DCED9008091C2 /* Services.swift in Sources */ = {isa = PBXBuildFile; fileRef = 26B80734214DCED9008091C2 /* Services.swift */; };
		26B807482151EF83008091C2 /* Helpers.swift in Sources */ = {isa = PBXBuildFile; fileRef = 26B807472151EF83008091C2 /* Helpers.swift */; };
		26B8074A2151EF9E008091C2 /* Substance.swift in Sources */ = {isa = PBXBuildFile; fileRef = 26B807492151EF9E008091C2 /* Substance.swift */; };
		6AEA7D9BC508AE8AEC3D5E77 /* Pods_FlaskNav.framework in Frameworks */ = {isa = PBXBuildFile; fileRef = 52034022360D0B591A49D5C5 /* Pods_FlaskNav.framework */; };
/* End PBXBuildFile section */

/* Begin PBXContainerItemProxy section */
		26B8071F214DC740008091C2 /* PBXContainerItemProxy */ = {
			isa = PBXContainerItemProxy;
			containerPortal = 26B80702214DC740008091C2 /* Project object */;
			proxyType = 1;
			remoteGlobalIDString = 26B80709214DC740008091C2;
			remoteInfo = FlaskNav;
		};
/* End PBXContainerItemProxy section */

/* Begin PBXFileReference section */
		034BBE99CA17643EACB96E2F /* Pods-FlaskNav.release.xcconfig */ = {isa = PBXFileReference; includeInIndex = 1; lastKnownFileType = text.xcconfig; name = "Pods-FlaskNav.release.xcconfig"; path = "Pods/Target Support Files/Pods-FlaskNav/Pods-FlaskNav.release.xcconfig"; sourceTree = "<group>"; };
		248B7C7A42F05FCF01A6C174 /* Pods_FlaskNavTests.framework */ = {isa = PBXFileReference; explicitFileType = wrapper.framework; includeInIndex = 0; path = Pods_FlaskNavTests.framework; sourceTree = BUILT_PRODUCTS_DIR; };
		2616BB692155946D00A6AEFB /* NavInfoProtocol.swift */ = {isa = PBXFileReference; lastKnownFileType = sourcecode.swift; path = NavInfoProtocol.swift; sourceTree = "<group>"; };
		2616BB6B2155963900A6AEFB /* AsyncViewController.swift */ = {isa = PBXFileReference; lastKnownFileType = sourcecode.swift; path = AsyncViewController.swift; sourceTree = "<group>"; };
		2616BB6D2155A0D600A6AEFB /* Nav+Constructor.swift */ = {isa = PBXFileReference; lastKnownFileType = sourcecode.swift; path = "Nav+Constructor.swift"; sourceTree = "<group>"; };
		2616BB722155A1BC00A6AEFB /* Nav+Reactor.swift */ = {isa = PBXFileReference; lastKnownFileType = sourcecode.swift; path = "Nav+Reactor.swift"; sourceTree = "<group>"; };
		2616BB742155A1F000A6AEFB /* Nav+Operations.swift */ = {isa = PBXFileReference; lastKnownFileType = sourcecode.swift; path = "Nav+Operations.swift"; sourceTree = "<group>"; };
		2616BB762155CF8F00A6AEFB /* Operation.swift */ = {isa = PBXFileReference; lastKnownFileType = sourcecode.swift; path = Operation.swift; sourceTree = "<group>"; };
		2616BB782155D65800A6AEFB /* Nav+Config.swift */ = {isa = PBXFileReference; lastKnownFileType = sourcecode.swift; path = "Nav+Config.swift"; sourceTree = "<group>"; };
		2616BB7A2155D6F900A6AEFB /* Nav+Display.swift */ = {isa = PBXFileReference; lastKnownFileType = sourcecode.swift; path = "Nav+Display.swift"; sourceTree = "<group>"; };
		2616BB7C2155D76700A6AEFB /* Nav+Stack.swift */ = {isa = PBXFileReference; lastKnownFileType = sourcecode.swift; path = "Nav+Stack.swift"; sourceTree = "<group>"; };
		2616BB7E2155D78600A6AEFB /* Nav+Setup.swift */ = {isa = PBXFileReference; lastKnownFileType = sourcecode.swift; path = "Nav+Setup.swift"; sourceTree = "<group>"; };
		2616BB882157105100A6AEFB /* NavContext.swift */ = {isa = PBXFileReference; lastKnownFileType = sourcecode.swift; path = NavContext.swift; sourceTree = "<group>"; };
		2616BB8A21573B4C00A6AEFB /* NavStack.swift */ = {isa = PBXFileReference; lastKnownFileType = sourcecode.swift; path = NavStack.swift; sourceTree = "<group>"; };
		2616BB8C2157546D00A6AEFB /* NavInfo.swift */ = {isa = PBXFileReference; lastKnownFileType = sourcecode.swift; path = NavInfo.swift; sourceTree = "<group>"; };
		2622D0E2215C8CEC0060AAE3 /* Nav+Composer.swift */ = {isa = PBXFileReference; lastKnownFileType = sourcecode.swift; path = "Nav+Composer.swift"; sourceTree = "<group>"; };
		262599DD2159D000003144ED /* Nav+Dispatcher.swift */ = {isa = PBXFileReference; lastKnownFileType = sourcecode.swift; path = "Nav+Dispatcher.swift"; sourceTree = "<group>"; };
		263B10C12159C7CA00E6E5C4 /* Composition.swift */ = {isa = PBXFileReference; lastKnownFileType = sourcecode.swift; path = Composition.swift; sourceTree = "<group>"; };
		263B10C32159C7D200E6E5C4 /* Interface.swift */ = {isa = PBXFileReference; lastKnownFileType = sourcecode.swift; path = Interface.swift; sourceTree = "<group>"; };
		263B10C52159C81100E6E5C4 /* StackLayers.swift */ = {isa = PBXFileReference; lastKnownFileType = sourcecode.swift; name = "Sta\U001b\U001bckLayers.swift"; path = "/Users/hassanvfx/projects/eonflux/flaskNav/FlaskNav/FlaskNav/FlaskNavigation/Helpers/Sta\U001b\U001bckLayers.swift"; sourceTree = "<absolute>"; };
		263B10C72159C95A00E6E5C4 /* Nav+Queue.swift */ = {isa = PBXFileReference; lastKnownFileType = sourcecode.swift; path = "Nav+Queue.swift"; sourceTree = "<group>"; };
		263B10C92159C9BC00E6E5C4 /* Nav+Navigators.swift */ = {isa = PBXFileReference; lastKnownFileType = sourcecode.swift; path = "Nav+Navigators.swift"; sourceTree = "<group>"; };
		263B10CB2159CCB500E6E5C4 /* Nav+Composition.swift */ = {isa = PBXFileReference; lastKnownFileType = sourcecode.swift; path = "Nav+Composition.swift"; sourceTree = "<group>"; };
		2667A6052160071000F87A1B /* NavLayer.swift */ = {isa = PBXFileReference; lastKnownFileType = sourcecode.swift; path = NavLayer.swift; sourceTree = "<group>"; };
		2667A607216051FA00F87A1B /* ContextManager.swift */ = {isa = PBXFileReference; lastKnownFileType = sourcecode.swift; path = ContextManager.swift; sourceTree = "<group>"; };
		2667A60F2162D39300F87A1B /* NavConfig.swift */ = {isa = PBXFileReference; lastKnownFileType = sourcecode.swift; path = NavConfig.swift; sourceTree = "<group>"; };
		2667A6132163100000F87A1B /* ModalRootController.swift */ = {isa = PBXFileReference; lastKnownFileType = sourcecode.swift; path = ModalRootController.swift; sourceTree = "<group>"; };
		2667A6152163C41C00F87A1B /* InactiveBackView.swift */ = {isa = PBXFileReference; lastKnownFileType = sourcecode.swift; path = InactiveBackView.swift; sourceTree = "<group>"; };
		2667A6182163DAE400F87A1B /* NavPresentator.swift */ = {isa = PBXFileReference; lastKnownFileType = sourcecode.swift; path = NavPresentator.swift; sourceTree = "<group>"; };
		2667A61A2163E08600F87A1B /* TouchForwardingView.swift */ = {isa = PBXFileReference; lastKnownFileType = sourcecode.swift; path = TouchForwardingView.swift; sourceTree = "<group>"; };
		2667A61C2163E26900F87A1B /* FlaskNavigationController.swift */ = {isa = PBXFileReference; lastKnownFileType = sourcecode.swift; path = FlaskNavigationController.swift; sourceTree = "<group>"; };
		2667A61E2163E9C800F87A1B /* NavDebug.swift */ = {isa = PBXFileReference; lastKnownFileType = sourcecode.swift; path = NavDebug.swift; sourceTree = "<group>"; };
		2667A6202163EFDA00F87A1B /* NavPresentationController.swift */ = {isa = PBXFileReference; lastKnownFileType = sourcecode.swift; path = NavPresentationController.swift; sourceTree = "<group>"; };
		2667A6232163F18D00F87A1B /* NavAnimatorClass.swift */ = {isa = PBXFileReference; lastKnownFileType = sourcecode.swift; path = NavAnimatorClass.swift; sourceTree = "<group>"; };
		2667A6252163FC2800F87A1B /* NavAnimators.swift */ = {isa = PBXFileReference; lastKnownFileType = sourcecode.swift; path = NavAnimators.swift; sourceTree = "<group>"; };
		2667A62A216409FF00F87A1B /* NavAnimatorSlide.swift */ = {isa = PBXFileReference; lastKnownFileType = sourcecode.swift; path = NavAnimatorSlide.swift; sourceTree = "<group>"; };
		2667A62C21640BFD00F87A1B /* NavAnimatorZoom.swift */ = {isa = PBXFileReference; lastKnownFileType = sourcecode.swift; path = NavAnimatorZoom.swift; sourceTree = "<group>"; };
		2667A62E2164170C00F87A1B /* NavAnimatorBasic.swift */ = {isa = PBXFileReference; lastKnownFileType = sourcecode.swift; path = NavAnimatorBasic.swift; sourceTree = "<group>"; };
		2667A63121641C0900F87A1B /* NavSerializer.swift */ = {isa = PBXFileReference; lastKnownFileType = sourcecode.swift; path = NavSerializer.swift; sourceTree = "<group>"; };
		266CDECA215308DA003B0F11 /* AnyCodable.swift */ = {isa = PBXFileReference; lastKnownFileType = sourcecode.swift; path = AnyCodable.swift; sourceTree = "<group>"; };
		26703783217125C1006CE84F /* Nav+Transactions.swift */ = {isa = PBXFileReference; lastKnownFileType = sourcecode.swift; path = "Nav+Transactions.swift"; sourceTree = "<group>"; };
		2670378521712914006CE84F /* NavActiveLayer.swift */ = {isa = PBXFileReference; lastKnownFileType = sourcecode.swift; path = NavActiveLayer.swift; sourceTree = "<group>"; };
		2670378721715796006CE84F /* NavAnimatorFade.swift */ = {isa = PBXFileReference; lastKnownFileType = sourcecode.swift; path = NavAnimatorFade.swift; sourceTree = "<group>"; };
		2670378C21738AC6006CE84F /* NavGesture.swift */ = {isa = PBXFileReference; lastKnownFileType = sourcecode.swift; path = NavGesture.swift; sourceTree = "<group>"; };
		2670378F21738C2C006CE84F /* NavGestureZoom.swift */ = {isa = PBXFileReference; lastKnownFileType = sourcecode.swift; path = NavGestureZoom.swift; sourceTree = "<group>"; };
		2670379121738C36006CE84F /* NavGesturePan.swift */ = {isa = PBXFileReference; lastKnownFileType = sourcecode.swift; path = NavGesturePan.swift; sourceTree = "<group>"; };
		268EC7B2217026C30086A2FC /* Nav+Presentators.swift */ = {isa = PBXFileReference; lastKnownFileType = sourcecode.swift; path = "Nav+Presentators.swift"; sourceTree = "<group>"; };
		269B14792165AAC400208360 /* Nav+Animator.swift */ = {isa = PBXFileReference; lastKnownFileType = sourcecode.swift; path = "Nav+Animator.swift"; sourceTree = "<group>"; };
		26B8070A214DC740008091C2 /* FlaskNav.app */ = {isa = PBXFileReference; explicitFileType = wrapper.application; includeInIndex = 0; path = FlaskNav.app; sourceTree = BUILT_PRODUCTS_DIR; };
		26B8070D214DC740008091C2 /* AppDelegate.swift */ = {isa = PBXFileReference; lastKnownFileType = sourcecode.swift; path = AppDelegate.swift; sourceTree = "<group>"; };
		26B8070F214DC740008091C2 /* ViewController.swift */ = {isa = PBXFileReference; lastKnownFileType = sourcecode.swift; path = ViewController.swift; sourceTree = "<group>"; };
		26B80714214DC740008091C2 /* Assets.xcassets */ = {isa = PBXFileReference; lastKnownFileType = folder.assetcatalog; path = Assets.xcassets; sourceTree = "<group>"; };
		26B80717214DC740008091C2 /* Base */ = {isa = PBXFileReference; lastKnownFileType = file.storyboard; name = Base; path = Base.lproj/LaunchScreen.storyboard; sourceTree = "<group>"; };
		26B80719214DC740008091C2 /* Info.plist */ = {isa = PBXFileReference; lastKnownFileType = text.plist.xml; path = Info.plist; sourceTree = "<group>"; };
		26B8071E214DC740008091C2 /* FlaskNavTests.xctest */ = {isa = PBXFileReference; explicitFileType = wrapper.cfbundle; includeInIndex = 0; path = FlaskNavTests.xctest; sourceTree = BUILT_PRODUCTS_DIR; };
		26B80722214DC740008091C2 /* FlaskNavTests.swift */ = {isa = PBXFileReference; lastKnownFileType = sourcecode.swift; path = FlaskNavTests.swift; sourceTree = "<group>"; };
		26B80724214DC740008091C2 /* Info.plist */ = {isa = PBXFileReference; lastKnownFileType = text.plist.xml; path = Info.plist; sourceTree = "<group>"; };
		26B8072E214DCAF8008091C2 /* Nav.swift */ = {isa = PBXFileReference; lastKnownFileType = sourcecode.swift; path = Nav.swift; sourceTree = "<group>"; };
		26B80732214DCE82008091C2 /* MyNav.swift */ = {isa = PBXFileReference; lastKnownFileType = sourcecode.swift; path = MyNav.swift; sourceTree = "<group>"; };
		26B80734214DCED9008091C2 /* Services.swift */ = {isa = PBXFileReference; lastKnownFileType = sourcecode.swift; path = Services.swift; sourceTree = "<group>"; };
		26B807472151EF83008091C2 /* Helpers.swift */ = {isa = PBXFileReference; fileEncoding = 4; lastKnownFileType = sourcecode.swift; path = Helpers.swift; sourceTree = "<group>"; };
		26B807492151EF9E008091C2 /* Substance.swift */ = {isa = PBXFileReference; lastKnownFileType = sourcecode.swift; path = Substance.swift; sourceTree = "<group>"; };
		52034022360D0B591A49D5C5 /* Pods_FlaskNav.framework */ = {isa = PBXFileReference; explicitFileType = wrapper.framework; includeInIndex = 0; path = Pods_FlaskNav.framework; sourceTree = BUILT_PRODUCTS_DIR; };
		93ED6DABE868F6348C0A850C /* Pods-FlaskNavTests.debug.xcconfig */ = {isa = PBXFileReference; includeInIndex = 1; lastKnownFileType = text.xcconfig; name = "Pods-FlaskNavTests.debug.xcconfig"; path = "Pods/Target Support Files/Pods-FlaskNavTests/Pods-FlaskNavTests.debug.xcconfig"; sourceTree = "<group>"; };
		ED82F22A4D27889844352B98 /* Pods-FlaskNav.debug.xcconfig */ = {isa = PBXFileReference; includeInIndex = 1; lastKnownFileType = text.xcconfig; name = "Pods-FlaskNav.debug.xcconfig"; path = "Pods/Target Support Files/Pods-FlaskNav/Pods-FlaskNav.debug.xcconfig"; sourceTree = "<group>"; };
		FB6C0AEDC37274F235CA97B3 /* Pods-FlaskNavTests.release.xcconfig */ = {isa = PBXFileReference; includeInIndex = 1; lastKnownFileType = text.xcconfig; name = "Pods-FlaskNavTests.release.xcconfig"; path = "Pods/Target Support Files/Pods-FlaskNavTests/Pods-FlaskNavTests.release.xcconfig"; sourceTree = "<group>"; };
/* End PBXFileReference section */

/* Begin PBXFrameworksBuildPhase section */
		26B80707214DC740008091C2 /* Frameworks */ = {
			isa = PBXFrameworksBuildPhase;
			buildActionMask = 2147483647;
			files = (
				6AEA7D9BC508AE8AEC3D5E77 /* Pods_FlaskNav.framework in Frameworks */,
			);
			runOnlyForDeploymentPostprocessing = 0;
		};
		26B8071B214DC740008091C2 /* Frameworks */ = {
			isa = PBXFrameworksBuildPhase;
			buildActionMask = 2147483647;
			files = (
				0B3FC4BA21CC837C1A970459 /* Pods_FlaskNavTests.framework in Frameworks */,
			);
			runOnlyForDeploymentPostprocessing = 0;
		};
/* End PBXFrameworksBuildPhase section */

/* Begin PBXGroup section */
		2616BB6F2155A11200A6AEFB /* Nav */ = {
			isa = PBXGroup;
			children = (
				26B8072E214DCAF8008091C2 /* Nav.swift */,
				262599DF2159D057003144ED /* Config */,
				262599E02159D062003144ED /* API */,
				262599E12159D075003144ED /* Display */,
			);
			path = Nav;
			sourceTree = "<group>";
		};
		2616BB702155A12200A6AEFB /* Helpers */ = {
			isa = PBXGroup;
			children = (
				26B807472151EF83008091C2 /* Helpers.swift */,
				266CDECA215308DA003B0F11 /* AnyCodable.swift */,
				2667A61E2163E9C800F87A1B /* NavDebug.swift */,
				2667A63121641C0900F87A1B /* NavSerializer.swift */,
			);
			path = Helpers;
			sourceTree = "<group>";
		};
		2616BB712155A12E00A6AEFB /* Substance */ = {
			isa = PBXGroup;
			children = (
				26B807492151EF9E008091C2 /* Substance.swift */,
			);
			path = Substance;
			sourceTree = "<group>";
		};
		2616BB822157094400A6AEFB /* Models */ = {
			isa = PBXGroup;
			children = (
			);
			path = Models;
			sourceTree = "<group>";
		};
		2616BB87215709D300A6AEFB /* Controllers */ = {
			isa = PBXGroup;
			children = (
				2616BB692155946D00A6AEFB /* NavInfoProtocol.swift */,
				2667A6132163100000F87A1B /* ModalRootController.swift */,
				2667A6152163C41C00F87A1B /* InactiveBackView.swift */,
				2667A61A2163E08600F87A1B /* TouchForwardingView.swift */,
				2667A61C2163E26900F87A1B /* FlaskNavigationController.swift */,
			);
			path = Controllers;
			sourceTree = "<group>";
		};
		262599DF2159D057003144ED /* Config */ = {
			isa = PBXGroup;
			children = (
				2616BB7E2155D78600A6AEFB /* Nav+Setup.swift */,
				2616BB782155D65800A6AEFB /* Nav+Config.swift */,
				2622D0E2215C8CEC0060AAE3 /* Nav+Composer.swift */,
			);
			path = Config;
			sourceTree = "<group>";
		};
		262599E02159D062003144ED /* API */ = {
			isa = PBXGroup;
			children = (
				263B10CB2159CCB500E6E5C4 /* Nav+Composition.swift */,
				2616BB7C2155D76700A6AEFB /* Nav+Stack.swift */,
				26703783217125C1006CE84F /* Nav+Transactions.swift */,
				263B10C72159C95A00E6E5C4 /* Nav+Queue.swift */,
				2616BB742155A1F000A6AEFB /* Nav+Operations.swift */,
				262599DD2159D000003144ED /* Nav+Dispatcher.swift */,
			);
			path = API;
			sourceTree = "<group>";
		};
		262599E12159D075003144ED /* Display */ = {
			isa = PBXGroup;
			children = (
				269B14792165AAC400208360 /* Nav+Animator.swift */,
				2616BB722155A1BC00A6AEFB /* Nav+Reactor.swift */,
				268EC7B2217026C30086A2FC /* Nav+Presentators.swift */,
				263B10C92159C9BC00E6E5C4 /* Nav+Navigators.swift */,
				2616BB6D2155A0D600A6AEFB /* Nav+Constructor.swift */,
				2616BB7A2155D6F900A6AEFB /* Nav+Display.swift */,
			);
			path = Display;
			sourceTree = "<group>";
		};
		2667A6092162B6EB00F87A1B /* Context */ = {
			isa = PBXGroup;
			children = (
				2667A607216051FA00F87A1B /* ContextManager.swift */,
				2616BB882157105100A6AEFB /* NavContext.swift */,
				2616BB8C2157546D00A6AEFB /* NavInfo.swift */,
			);
			path = Context;
			sourceTree = "<group>";
		};
		2667A60A2162B73300F87A1B /* Operations */ = {
			isa = PBXGroup;
			children = (
				2616BB762155CF8F00A6AEFB /* Operation.swift */,
			);
			path = Operations;
			sourceTree = "<group>";
		};
		2667A60B2162B74700F87A1B /* LayersStack */ = {
			isa = PBXGroup;
			children = (
				2616BB8A21573B4C00A6AEFB /* NavStack.swift */,
				263B10C52159C81100E6E5C4 /* StackLayers.swift */,
				2667A6052160071000F87A1B /* NavLayer.swift */,
				2670378521712914006CE84F /* NavActiveLayer.swift */,
			);
			path = LayersStack;
			sourceTree = "<group>";
		};
		2667A60C2162B75F00F87A1B /* Models */ = {
			isa = PBXGroup;
			children = (
				2667A60E2162D38100F87A1B /* Config */,
				2667A60D2162B79300F87A1B /* Interface */,
				2667A60B2162B74700F87A1B /* LayersStack */,
				2667A60A2162B73300F87A1B /* Operations */,
				2667A6092162B6EB00F87A1B /* Context */,
			);
			path = Models;
			sourceTree = "<group>";
		};
		2667A60D2162B79300F87A1B /* Interface */ = {
			isa = PBXGroup;
			children = (
				263B10C12159C7CA00E6E5C4 /* Composition.swift */,
				263B10C32159C7D200E6E5C4 /* Interface.swift */,
			);
			path = Interface;
			sourceTree = "<group>";
		};
		2667A60E2162D38100F87A1B /* Config */ = {
			isa = PBXGroup;
			children = (
				2667A60F2162D39300F87A1B /* NavConfig.swift */,
			);
			path = Config;
			sourceTree = "<group>";
		};
		2667A6172163DAD500F87A1B /* Animations */ = {
			isa = PBXGroup;
			children = (
				2667A6252163FC2800F87A1B /* NavAnimators.swift */,
				2667A629216409E600F87A1B /* Animators */,
				2670378B21738AB0006CE84F /* Gestures */,
				2667A6222163EFE300F87A1B /* Presentation */,
			);
			path = Animations;
			sourceTree = "<group>";
		};
		2667A6222163EFE300F87A1B /* Presentation */ = {
			isa = PBXGroup;
			children = (
				2667A6182163DAE400F87A1B /* NavPresentator.swift */,
				2667A6202163EFDA00F87A1B /* NavPresentationController.swift */,
			);
			path = Presentation;
			sourceTree = "<group>";
		};
		2667A629216409E600F87A1B /* Animators */ = {
			isa = PBXGroup;
			children = (
				2667A6232163F18D00F87A1B /* NavAnimatorClass.swift */,
				2667A6302164193500F87A1B /* Basic */,
			);
			path = Animators;
			sourceTree = "<group>";
		};
		2667A6302164193500F87A1B /* Basic */ = {
			isa = PBXGroup;
			children = (
				2667A62E2164170C00F87A1B /* NavAnimatorBasic.swift */,
				2667A62A216409FF00F87A1B /* NavAnimatorSlide.swift */,
				2667A62C21640BFD00F87A1B /* NavAnimatorZoom.swift */,
				2670378721715796006CE84F /* NavAnimatorFade.swift */,
			);
			path = Basic;
			sourceTree = "<group>";
		};
		266CDECC215310EB003B0F11 /* Components */ = {
			isa = PBXGroup;
			children = (
				26B8070F214DC740008091C2 /* ViewController.swift */,
				2616BB6B2155963900A6AEFB /* AsyncViewController.swift */,
			);
			path = Components;
			sourceTree = "<group>";
		};
		2670378B21738AB0006CE84F /* Gestures */ = {
			isa = PBXGroup;
			children = (
				2670378C21738AC6006CE84F /* NavGesture.swift */,
				2670378E21738C0F006CE84F /* Basic */,
			);
			path = Gestures;
			sourceTree = "<group>";
		};
		2670378E21738C0F006CE84F /* Basic */ = {
			isa = PBXGroup;
			children = (
				2670378F21738C2C006CE84F /* NavGestureZoom.swift */,
				2670379121738C36006CE84F /* NavGesturePan.swift */,
			);
			path = Basic;
			sourceTree = "<group>";
		};
		26B80701214DC740008091C2 = {
			isa = PBXGroup;
			children = (
				26B8070C214DC740008091C2 /* FlaskNav */,
				26B80721214DC740008091C2 /* FlaskNavTests */,
				26B8070B214DC740008091C2 /* Products */,
				B898B10B335F9B3DCBA02CA0 /* Pods */,
				91E99311693A6F8BE3CE964B /* Frameworks */,
			);
			sourceTree = "<group>";
		};
		26B8070B214DC740008091C2 /* Products */ = {
			isa = PBXGroup;
			children = (
				26B8070A214DC740008091C2 /* FlaskNav.app */,
				26B8071E214DC740008091C2 /* FlaskNavTests.xctest */,
			);
			name = Products;
			sourceTree = "<group>";
		};
		26B8070C214DC740008091C2 /* FlaskNav */ = {
			isa = PBXGroup;
			children = (
				26B8072D214DCAE1008091C2 /* FlaskNavigation */,
				26B80737214DCEF3008091C2 /* AppNav */,
				2616BB822157094400A6AEFB /* Models */,
				26B80736214DCEDF008091C2 /* Services */,
				266CDECC215310EB003B0F11 /* Components */,
				26B8070D214DC740008091C2 /* AppDelegate.swift */,
				26B80714214DC740008091C2 /* Assets.xcassets */,
				26B80716214DC740008091C2 /* LaunchScreen.storyboard */,
				26B80719214DC740008091C2 /* Info.plist */,
			);
			path = FlaskNav;
			sourceTree = "<group>";
		};
		26B80721214DC740008091C2 /* FlaskNavTests */ = {
			isa = PBXGroup;
			children = (
				26B80722214DC740008091C2 /* FlaskNavTests.swift */,
				26B80724214DC740008091C2 /* Info.plist */,
			);
			path = FlaskNavTests;
			sourceTree = "<group>";
		};
		26B8072D214DCAE1008091C2 /* FlaskNavigation */ = {
			isa = PBXGroup;
			children = (
				2667A6172163DAD500F87A1B /* Animations */,
				2667A60C2162B75F00F87A1B /* Models */,
				2616BB87215709D300A6AEFB /* Controllers */,
				2616BB712155A12E00A6AEFB /* Substance */,
				2616BB702155A12200A6AEFB /* Helpers */,
				2616BB6F2155A11200A6AEFB /* Nav */,
			);
			path = FlaskNavigation;
			sourceTree = "<group>";
		};
		26B80736214DCEDF008091C2 /* Services */ = {
			isa = PBXGroup;
			children = (
				26B80734214DCED9008091C2 /* Services.swift */,
			);
			path = Services;
			sourceTree = "<group>";
		};
		26B80737214DCEF3008091C2 /* AppNav */ = {
			isa = PBXGroup;
			children = (
				26B80732214DCE82008091C2 /* MyNav.swift */,
			);
			path = AppNav;
			sourceTree = "<group>";
		};
		91E99311693A6F8BE3CE964B /* Frameworks */ = {
			isa = PBXGroup;
			children = (
				52034022360D0B591A49D5C5 /* Pods_FlaskNav.framework */,
				248B7C7A42F05FCF01A6C174 /* Pods_FlaskNavTests.framework */,
			);
			name = Frameworks;
			sourceTree = "<group>";
		};
		B898B10B335F9B3DCBA02CA0 /* Pods */ = {
			isa = PBXGroup;
			children = (
				ED82F22A4D27889844352B98 /* Pods-FlaskNav.debug.xcconfig */,
				034BBE99CA17643EACB96E2F /* Pods-FlaskNav.release.xcconfig */,
				93ED6DABE868F6348C0A850C /* Pods-FlaskNavTests.debug.xcconfig */,
				FB6C0AEDC37274F235CA97B3 /* Pods-FlaskNavTests.release.xcconfig */,
			);
			name = Pods;
			sourceTree = "<group>";
		};
/* End PBXGroup section */

/* Begin PBXNativeTarget section */
		26B80709214DC740008091C2 /* FlaskNav */ = {
			isa = PBXNativeTarget;
			buildConfigurationList = 26B80727214DC740008091C2 /* Build configuration list for PBXNativeTarget "FlaskNav" */;
			buildPhases = (
				2C16D7971A653FBE70625C1B /* [CP] Check Pods Manifest.lock */,
				26B80706214DC740008091C2 /* Sources */,
				26B80707214DC740008091C2 /* Frameworks */,
				26B80708214DC740008091C2 /* Resources */,
				8301FA2BF745E1AB9FE2E695 /* [CP] Embed Pods Frameworks */,
			);
			buildRules = (
			);
			dependencies = (
			);
			name = FlaskNav;
			productName = FlaskNav;
			productReference = 26B8070A214DC740008091C2 /* FlaskNav.app */;
			productType = "com.apple.product-type.application";
		};
		26B8071D214DC740008091C2 /* FlaskNavTests */ = {
			isa = PBXNativeTarget;
			buildConfigurationList = 26B8072A214DC740008091C2 /* Build configuration list for PBXNativeTarget "FlaskNavTests" */;
			buildPhases = (
				C5068C7419D7496EC873CCEB /* [CP] Check Pods Manifest.lock */,
				26B8071A214DC740008091C2 /* Sources */,
				26B8071B214DC740008091C2 /* Frameworks */,
				26B8071C214DC740008091C2 /* Resources */,
				D44896D03717A8B3C882455B /* [CP] Embed Pods Frameworks */,
			);
			buildRules = (
			);
			dependencies = (
				26B80720214DC740008091C2 /* PBXTargetDependency */,
			);
			name = FlaskNavTests;
			productName = FlaskNavTests;
			productReference = 26B8071E214DC740008091C2 /* FlaskNavTests.xctest */;
			productType = "com.apple.product-type.bundle.unit-test";
		};
/* End PBXNativeTarget section */

/* Begin PBXProject section */
		26B80702214DC740008091C2 /* Project object */ = {
			isa = PBXProject;
			attributes = {
				LastSwiftUpdateCheck = 0940;
				LastUpgradeCheck = 0940;
				ORGANIZATIONNAME = eonflux;
				TargetAttributes = {
					26B80709214DC740008091C2 = {
						CreatedOnToolsVersion = 9.4.1;
					};
					26B8071D214DC740008091C2 = {
						CreatedOnToolsVersion = 9.4.1;
						TestTargetID = 26B80709214DC740008091C2;
					};
				};
			};
			buildConfigurationList = 26B80705214DC740008091C2 /* Build configuration list for PBXProject "FlaskNav" */;
			compatibilityVersion = "Xcode 9.3";
			developmentRegion = en;
			hasScannedForEncodings = 0;
			knownRegions = (
				en,
				Base,
			);
			mainGroup = 26B80701214DC740008091C2;
			productRefGroup = 26B8070B214DC740008091C2 /* Products */;
			projectDirPath = "";
			projectRoot = "";
			targets = (
				26B80709214DC740008091C2 /* FlaskNav */,
				26B8071D214DC740008091C2 /* FlaskNavTests */,
			);
		};
/* End PBXProject section */

/* Begin PBXResourcesBuildPhase section */
		26B80708214DC740008091C2 /* Resources */ = {
			isa = PBXResourcesBuildPhase;
			buildActionMask = 2147483647;
			files = (
				26B80718214DC740008091C2 /* LaunchScreen.storyboard in Resources */,
				26B80715214DC740008091C2 /* Assets.xcassets in Resources */,
			);
			runOnlyForDeploymentPostprocessing = 0;
		};
		26B8071C214DC740008091C2 /* Resources */ = {
			isa = PBXResourcesBuildPhase;
			buildActionMask = 2147483647;
			files = (
			);
			runOnlyForDeploymentPostprocessing = 0;
		};
/* End PBXResourcesBuildPhase section */

/* Begin PBXShellScriptBuildPhase section */
		2C16D7971A653FBE70625C1B /* [CP] Check Pods Manifest.lock */ = {
			isa = PBXShellScriptBuildPhase;
			buildActionMask = 2147483647;
			files = (
			);
			inputPaths = (
				"${PODS_PODFILE_DIR_PATH}/Podfile.lock",
				"${PODS_ROOT}/Manifest.lock",
			);
			name = "[CP] Check Pods Manifest.lock";
			outputPaths = (
				"$(DERIVED_FILE_DIR)/Pods-FlaskNav-checkManifestLockResult.txt",
			);
			runOnlyForDeploymentPostprocessing = 0;
			shellPath = /bin/sh;
			shellScript = "diff \"${PODS_PODFILE_DIR_PATH}/Podfile.lock\" \"${PODS_ROOT}/Manifest.lock\" > /dev/null\nif [ $? != 0 ] ; then\n    # print error to STDERR\n    echo \"error: The sandbox is not in sync with the Podfile.lock. Run 'pod install' or update your CocoaPods installation.\" >&2\n    exit 1\nfi\n# This output is used by Xcode 'outputs' to avoid re-running this script phase.\necho \"SUCCESS\" > \"${SCRIPT_OUTPUT_FILE_0}\"\n";
			showEnvVarsInLog = 0;
		};
		8301FA2BF745E1AB9FE2E695 /* [CP] Embed Pods Frameworks */ = {
			isa = PBXShellScriptBuildPhase;
			buildActionMask = 2147483647;
			files = (
			);
			inputPaths = (
				"${SRCROOT}/Pods/Target Support Files/Pods-FlaskNav/Pods-FlaskNav-frameworks.sh",
				"${BUILT_PRODUCTS_DIR}/Delayed/Delayed.framework",
				"${BUILT_PRODUCTS_DIR}/Flask/Flask.framework",
			);
			name = "[CP] Embed Pods Frameworks";
			outputPaths = (
				"${TARGET_BUILD_DIR}/${FRAMEWORKS_FOLDER_PATH}/Delayed.framework",
				"${TARGET_BUILD_DIR}/${FRAMEWORKS_FOLDER_PATH}/Flask.framework",
			);
			runOnlyForDeploymentPostprocessing = 0;
			shellPath = /bin/sh;
			shellScript = "\"${SRCROOT}/Pods/Target Support Files/Pods-FlaskNav/Pods-FlaskNav-frameworks.sh\"\n";
			showEnvVarsInLog = 0;
		};
		C5068C7419D7496EC873CCEB /* [CP] Check Pods Manifest.lock */ = {
			isa = PBXShellScriptBuildPhase;
			buildActionMask = 2147483647;
			files = (
			);
			inputPaths = (
				"${PODS_PODFILE_DIR_PATH}/Podfile.lock",
				"${PODS_ROOT}/Manifest.lock",
			);
			name = "[CP] Check Pods Manifest.lock";
			outputPaths = (
				"$(DERIVED_FILE_DIR)/Pods-FlaskNavTests-checkManifestLockResult.txt",
			);
			runOnlyForDeploymentPostprocessing = 0;
			shellPath = /bin/sh;
			shellScript = "diff \"${PODS_PODFILE_DIR_PATH}/Podfile.lock\" \"${PODS_ROOT}/Manifest.lock\" > /dev/null\nif [ $? != 0 ] ; then\n    # print error to STDERR\n    echo \"error: The sandbox is not in sync with the Podfile.lock. Run 'pod install' or update your CocoaPods installation.\" >&2\n    exit 1\nfi\n# This output is used by Xcode 'outputs' to avoid re-running this script phase.\necho \"SUCCESS\" > \"${SCRIPT_OUTPUT_FILE_0}\"\n";
			showEnvVarsInLog = 0;
		};
		D44896D03717A8B3C882455B /* [CP] Embed Pods Frameworks */ = {
			isa = PBXShellScriptBuildPhase;
			buildActionMask = 2147483647;
			files = (
			);
			inputPaths = (
				"${SRCROOT}/Pods/Target Support Files/Pods-FlaskNavTests/Pods-FlaskNavTests-frameworks.sh",
				"${BUILT_PRODUCTS_DIR}/Delayed/Delayed.framework",
				"${BUILT_PRODUCTS_DIR}/Flask/Flask.framework",
			);
			name = "[CP] Embed Pods Frameworks";
			outputPaths = (
				"${TARGET_BUILD_DIR}/${FRAMEWORKS_FOLDER_PATH}/Delayed.framework",
				"${TARGET_BUILD_DIR}/${FRAMEWORKS_FOLDER_PATH}/Flask.framework",
			);
			runOnlyForDeploymentPostprocessing = 0;
			shellPath = /bin/sh;
			shellScript = "\"${SRCROOT}/Pods/Target Support Files/Pods-FlaskNavTests/Pods-FlaskNavTests-frameworks.sh\"\n";
			showEnvVarsInLog = 0;
		};
/* End PBXShellScriptBuildPhase section */

/* Begin PBXSourcesBuildPhase section */
		26B80706214DC740008091C2 /* Sources */ = {
			isa = PBXSourcesBuildPhase;
			buildActionMask = 2147483647;
			files = (
				263B10C82159C95A00E6E5C4 /* Nav+Queue.swift in Sources */,
				2667A6192163DAE400F87A1B /* NavPresentator.swift in Sources */,
				2667A61D2163E26900F87A1B /* FlaskNavigationController.swift in Sources */,
				26B8074A2151EF9E008091C2 /* Substance.swift in Sources */,
				2616BB892157105100A6AEFB /* NavContext.swift in Sources */,
				263B10C62159C81100E6E5C4 /* StackLayers.swift in Sources */,
				2667A62B216409FF00F87A1B /* NavAnimatorSlide.swift in Sources */,
				2616BB792155D65800A6AEFB /* Nav+Config.swift in Sources */,
				2667A6102162D39300F87A1B /* NavConfig.swift in Sources */,
				2670379221738C36006CE84F /* NavGesturePan.swift in Sources */,
				263B10CA2159C9BC00E6E5C4 /* Nav+Navigators.swift in Sources */,
				26703784217125C1006CE84F /* Nav+Transactions.swift in Sources */,
				2667A6242163F18D00F87A1B /* NavAnimatorClass.swift in Sources */,
				2616BB7B2155D6F900A6AEFB /* Nav+Display.swift in Sources */,
				2667A61B2163E08600F87A1B /* TouchForwardingView.swift in Sources */,
				2616BB772155CF8F00A6AEFB /* Operation.swift in Sources */,
				2616BB732155A1BC00A6AEFB /* Nav+Reactor.swift in Sources */,
				2616BB6A2155946D00A6AEFB /* NavInfoProtocol.swift in Sources */,
				263B10C42159C7D200E6E5C4 /* Interface.swift in Sources */,
				2616BB752155A1F000A6AEFB /* Nav+Operations.swift in Sources */,
				2667A63221641C0900F87A1B /* NavSerializer.swift in Sources */,
				2670379021738C2C006CE84F /* NavGestureZoom.swift in Sources */,
				2616BB6E2155A0D600A6AEFB /* Nav+Constructor.swift in Sources */,
				2667A61F2163E9C800F87A1B /* NavDebug.swift in Sources */,
				2616BB8B21573B4C00A6AEFB /* NavStack.swift in Sources */,
				26B80710214DC740008091C2 /* ViewController.swift in Sources */,
				2616BB7F2155D78600A6AEFB /* Nav+Setup.swift in Sources */,
				2622D0E3215C8CEC0060AAE3 /* Nav+Composer.swift in Sources */,
				263B10C22159C7CA00E6E5C4 /* Composition.swift in Sources */,
				2616BB7D2155D76700A6AEFB /* Nav+Stack.swift in Sources */,
				2667A6162163C41C00F87A1B /* InactiveBackView.swift in Sources */,
				269B147A2165AAC400208360 /* Nav+Animator.swift in Sources */,
				2667A62F2164170C00F87A1B /* NavAnimatorBasic.swift in Sources */,
				26B807482151EF83008091C2 /* Helpers.swift in Sources */,
				26B80735214DCED9008091C2 /* Services.swift in Sources */,
				2616BB8D2157546D00A6AEFB /* NavInfo.swift in Sources */,
				2667A6212163EFDA00F87A1B /* NavPresentationController.swift in Sources */,
				2667A608216051FA00F87A1B /* ContextManager.swift in Sources */,
				2670378821715796006CE84F /* NavAnimatorFade.swift in Sources */,
				26B80733214DCE82008091C2 /* MyNav.swift in Sources */,
				2670378D21738AC6006CE84F /* NavGesture.swift in Sources */,
				262599DE2159D000003144ED /* Nav+Dispatcher.swift in Sources */,
				2667A62D21640BFD00F87A1B /* NavAnimatorZoom.swift in Sources */,
				266CDECB215308DA003B0F11 /* AnyCodable.swift in Sources */,
				26B8070E214DC740008091C2 /* AppDelegate.swift in Sources */,
				2667A6262163FC2800F87A1B /* NavAnimators.swift in Sources */,
				2670378621712914006CE84F /* NavActiveLayer.swift in Sources */,
				26B8072F214DCAF8008091C2 /* Nav.swift in Sources */,
				2667A6062160071000F87A1B /* NavLayer.swift in Sources */,
				2667A6142163100000F87A1B /* ModalRootController.swift in Sources */,
				268EC7B3217026C30086A2FC /* Nav+Presentators.swift in Sources */,
				263B10CC2159CCB500E6E5C4 /* Nav+Composition.swift in Sources */,
				2616BB6C2155963900A6AEFB /* AsyncViewController.swift in Sources */,
			);
			runOnlyForDeploymentPostprocessing = 0;
		};
		26B8071A214DC740008091C2 /* Sources */ = {
			isa = PBXSourcesBuildPhase;
			buildActionMask = 2147483647;
			files = (
				26B80723214DC740008091C2 /* FlaskNavTests.swift in Sources */,
			);
			runOnlyForDeploymentPostprocessing = 0;
		};
/* End PBXSourcesBuildPhase section */

/* Begin PBXTargetDependency section */
		26B80720214DC740008091C2 /* PBXTargetDependency */ = {
			isa = PBXTargetDependency;
			target = 26B80709214DC740008091C2 /* FlaskNav */;
			targetProxy = 26B8071F214DC740008091C2 /* PBXContainerItemProxy */;
		};
/* End PBXTargetDependency section */

/* Begin PBXVariantGroup section */
		26B80716214DC740008091C2 /* LaunchScreen.storyboard */ = {
			isa = PBXVariantGroup;
			children = (
				26B80717214DC740008091C2 /* Base */,
			);
			name = LaunchScreen.storyboard;
			sourceTree = "<group>";
		};
/* End PBXVariantGroup section */

/* Begin XCBuildConfiguration section */
		26B80725214DC740008091C2 /* Debug */ = {
			isa = XCBuildConfiguration;
			buildSettings = {
				ALWAYS_SEARCH_USER_PATHS = NO;
				CLANG_ANALYZER_NONNULL = YES;
				CLANG_ANALYZER_NUMBER_OBJECT_CONVERSION = YES_AGGRESSIVE;
				CLANG_CXX_LANGUAGE_STANDARD = "gnu++14";
				CLANG_CXX_LIBRARY = "libc++";
				CLANG_ENABLE_MODULES = YES;
				CLANG_ENABLE_OBJC_ARC = YES;
				CLANG_ENABLE_OBJC_WEAK = YES;
				CLANG_WARN_BLOCK_CAPTURE_AUTORELEASING = YES;
				CLANG_WARN_BOOL_CONVERSION = YES;
				CLANG_WARN_COMMA = YES;
				CLANG_WARN_CONSTANT_CONVERSION = YES;
				CLANG_WARN_DEPRECATED_OBJC_IMPLEMENTATIONS = YES;
				CLANG_WARN_DIRECT_OBJC_ISA_USAGE = YES_ERROR;
				CLANG_WARN_DOCUMENTATION_COMMENTS = YES;
				CLANG_WARN_EMPTY_BODY = YES;
				CLANG_WARN_ENUM_CONVERSION = YES;
				CLANG_WARN_INFINITE_RECURSION = YES;
				CLANG_WARN_INT_CONVERSION = YES;
				CLANG_WARN_NON_LITERAL_NULL_CONVERSION = YES;
				CLANG_WARN_OBJC_IMPLICIT_RETAIN_SELF = YES;
				CLANG_WARN_OBJC_LITERAL_CONVERSION = YES;
				CLANG_WARN_OBJC_ROOT_CLASS = YES_ERROR;
				CLANG_WARN_RANGE_LOOP_ANALYSIS = YES;
				CLANG_WARN_STRICT_PROTOTYPES = YES;
				CLANG_WARN_SUSPICIOUS_MOVE = YES;
				CLANG_WARN_UNGUARDED_AVAILABILITY = YES_AGGRESSIVE;
				CLANG_WARN_UNREACHABLE_CODE = YES;
				CLANG_WARN__DUPLICATE_METHOD_MATCH = YES;
				CODE_SIGN_IDENTITY = "iPhone Developer";
				COPY_PHASE_STRIP = NO;
				DEBUG_INFORMATION_FORMAT = dwarf;
				ENABLE_STRICT_OBJC_MSGSEND = YES;
				ENABLE_TESTABILITY = YES;
				GCC_C_LANGUAGE_STANDARD = gnu11;
				GCC_DYNAMIC_NO_PIC = NO;
				GCC_NO_COMMON_BLOCKS = YES;
				GCC_OPTIMIZATION_LEVEL = 0;
				GCC_PREPROCESSOR_DEFINITIONS = (
					"DEBUG=1",
					"$(inherited)",
				);
				GCC_WARN_64_TO_32_BIT_CONVERSION = YES;
				GCC_WARN_ABOUT_RETURN_TYPE = YES_ERROR;
				GCC_WARN_UNDECLARED_SELECTOR = YES;
				GCC_WARN_UNINITIALIZED_AUTOS = YES_AGGRESSIVE;
				GCC_WARN_UNUSED_FUNCTION = YES;
				GCC_WARN_UNUSED_VARIABLE = YES;
				IPHONEOS_DEPLOYMENT_TARGET = 11.4;
				MTL_ENABLE_DEBUG_INFO = YES;
				ONLY_ACTIVE_ARCH = YES;
				SDKROOT = iphoneos;
				SWIFT_ACTIVE_COMPILATION_CONDITIONS = DEBUG;
				SWIFT_OPTIMIZATION_LEVEL = "-Onone";
			};
			name = Debug;
		};
		26B80726214DC740008091C2 /* Release */ = {
			isa = XCBuildConfiguration;
			buildSettings = {
				ALWAYS_SEARCH_USER_PATHS = NO;
				CLANG_ANALYZER_NONNULL = YES;
				CLANG_ANALYZER_NUMBER_OBJECT_CONVERSION = YES_AGGRESSIVE;
				CLANG_CXX_LANGUAGE_STANDARD = "gnu++14";
				CLANG_CXX_LIBRARY = "libc++";
				CLANG_ENABLE_MODULES = YES;
				CLANG_ENABLE_OBJC_ARC = YES;
				CLANG_ENABLE_OBJC_WEAK = YES;
				CLANG_WARN_BLOCK_CAPTURE_AUTORELEASING = YES;
				CLANG_WARN_BOOL_CONVERSION = YES;
				CLANG_WARN_COMMA = YES;
				CLANG_WARN_CONSTANT_CONVERSION = YES;
				CLANG_WARN_DEPRECATED_OBJC_IMPLEMENTATIONS = YES;
				CLANG_WARN_DIRECT_OBJC_ISA_USAGE = YES_ERROR;
				CLANG_WARN_DOCUMENTATION_COMMENTS = YES;
				CLANG_WARN_EMPTY_BODY = YES;
				CLANG_WARN_ENUM_CONVERSION = YES;
				CLANG_WARN_INFINITE_RECURSION = YES;
				CLANG_WARN_INT_CONVERSION = YES;
				CLANG_WARN_NON_LITERAL_NULL_CONVERSION = YES;
				CLANG_WARN_OBJC_IMPLICIT_RETAIN_SELF = YES;
				CLANG_WARN_OBJC_LITERAL_CONVERSION = YES;
				CLANG_WARN_OBJC_ROOT_CLASS = YES_ERROR;
				CLANG_WARN_RANGE_LOOP_ANALYSIS = YES;
				CLANG_WARN_STRICT_PROTOTYPES = YES;
				CLANG_WARN_SUSPICIOUS_MOVE = YES;
				CLANG_WARN_UNGUARDED_AVAILABILITY = YES_AGGRESSIVE;
				CLANG_WARN_UNREACHABLE_CODE = YES;
				CLANG_WARN__DUPLICATE_METHOD_MATCH = YES;
				CODE_SIGN_IDENTITY = "iPhone Developer";
				COPY_PHASE_STRIP = NO;
				DEBUG_INFORMATION_FORMAT = "dwarf-with-dsym";
				ENABLE_NS_ASSERTIONS = NO;
				ENABLE_STRICT_OBJC_MSGSEND = YES;
				GCC_C_LANGUAGE_STANDARD = gnu11;
				GCC_NO_COMMON_BLOCKS = YES;
				GCC_WARN_64_TO_32_BIT_CONVERSION = YES;
				GCC_WARN_ABOUT_RETURN_TYPE = YES_ERROR;
				GCC_WARN_UNDECLARED_SELECTOR = YES;
				GCC_WARN_UNINITIALIZED_AUTOS = YES_AGGRESSIVE;
				GCC_WARN_UNUSED_FUNCTION = YES;
				GCC_WARN_UNUSED_VARIABLE = YES;
				IPHONEOS_DEPLOYMENT_TARGET = 11.4;
				MTL_ENABLE_DEBUG_INFO = NO;
				SDKROOT = iphoneos;
				SWIFT_COMPILATION_MODE = wholemodule;
				SWIFT_OPTIMIZATION_LEVEL = "-O";
				VALIDATE_PRODUCT = YES;
			};
			name = Release;
		};
		26B80728214DC740008091C2 /* Debug */ = {
			isa = XCBuildConfiguration;
			baseConfigurationReference = ED82F22A4D27889844352B98 /* Pods-FlaskNav.debug.xcconfig */;
			buildSettings = {
				ASSETCATALOG_COMPILER_APPICON_NAME = AppIcon;
				CODE_SIGN_STYLE = Automatic;
				DEVELOPMENT_TEAM = QL65L72292;
				INFOPLIST_FILE = FlaskNav/Info.plist;
				LD_RUNPATH_SEARCH_PATHS = (
					"$(inherited)",
					"@executable_path/Frameworks",
				);
				PRODUCT_BUNDLE_IDENTIFIER = eonflux.flaskNav;
				PRODUCT_NAME = "$(TARGET_NAME)";
				SWIFT_VERSION = 4.0;
				TARGETED_DEVICE_FAMILY = "1,2";
			};
			name = Debug;
		};
		26B80729214DC740008091C2 /* Release */ = {
			isa = XCBuildConfiguration;
			baseConfigurationReference = 034BBE99CA17643EACB96E2F /* Pods-FlaskNav.release.xcconfig */;
			buildSettings = {
				ASSETCATALOG_COMPILER_APPICON_NAME = AppIcon;
				CODE_SIGN_STYLE = Automatic;
				DEVELOPMENT_TEAM = QL65L72292;
				INFOPLIST_FILE = FlaskNav/Info.plist;
				LD_RUNPATH_SEARCH_PATHS = (
					"$(inherited)",
					"@executable_path/Frameworks",
				);
				PRODUCT_BUNDLE_IDENTIFIER = eonflux.flaskNav;
				PRODUCT_NAME = "$(TARGET_NAME)";
				SWIFT_VERSION = 4.0;
				TARGETED_DEVICE_FAMILY = "1,2";
			};
			name = Release;
		};
		26B8072B214DC740008091C2 /* Debug */ = {
			isa = XCBuildConfiguration;
			baseConfigurationReference = 93ED6DABE868F6348C0A850C /* Pods-FlaskNavTests.debug.xcconfig */;
			buildSettings = {
				ALWAYS_EMBED_SWIFT_STANDARD_LIBRARIES = YES;
				BUNDLE_LOADER = "$(TEST_HOST)";
				CODE_SIGN_STYLE = Automatic;
				INFOPLIST_FILE = FlaskNavTests/Info.plist;
				LD_RUNPATH_SEARCH_PATHS = (
					"$(inherited)",
					"@executable_path/Frameworks",
					"@loader_path/Frameworks",
				);
				PRODUCT_BUNDLE_IDENTIFIER = "eonflux.MOLD-BOILERPLATETests";
				PRODUCT_NAME = "$(TARGET_NAME)";
				SWIFT_VERSION = 4.0;
				TARGETED_DEVICE_FAMILY = "1,2";
				TEST_HOST = "$(BUILT_PRODUCTS_DIR)/FlaskNav.app/FlaskNav";
			};
			name = Debug;
		};
		26B8072C214DC740008091C2 /* Release */ = {
			isa = XCBuildConfiguration;
			baseConfigurationReference = FB6C0AEDC37274F235CA97B3 /* Pods-FlaskNavTests.release.xcconfig */;
			buildSettings = {
				ALWAYS_EMBED_SWIFT_STANDARD_LIBRARIES = YES;
				BUNDLE_LOADER = "$(TEST_HOST)";
				CODE_SIGN_STYLE = Automatic;
				INFOPLIST_FILE = FlaskNavTests/Info.plist;
				LD_RUNPATH_SEARCH_PATHS = (
					"$(inherited)",
					"@executable_path/Frameworks",
					"@loader_path/Frameworks",
				);
				PRODUCT_BUNDLE_IDENTIFIER = "eonflux.MOLD-BOILERPLATETests";
				PRODUCT_NAME = "$(TARGET_NAME)";
				SWIFT_VERSION = 4.0;
				TARGETED_DEVICE_FAMILY = "1,2";
				TEST_HOST = "$(BUILT_PRODUCTS_DIR)/FlaskNav.app/FlaskNav";
			};
			name = Release;
		};
/* End XCBuildConfiguration section */

/* Begin XCConfigurationList section */
		26B80705214DC740008091C2 /* Build configuration list for PBXProject "FlaskNav" */ = {
			isa = XCConfigurationList;
			buildConfigurations = (
				26B80725214DC740008091C2 /* Debug */,
				26B80726214DC740008091C2 /* Release */,
			);
			defaultConfigurationIsVisible = 0;
			defaultConfigurationName = Release;
		};
		26B80727214DC740008091C2 /* Build configuration list for PBXNativeTarget "FlaskNav" */ = {
			isa = XCConfigurationList;
			buildConfigurations = (
				26B80728214DC740008091C2 /* Debug */,
				26B80729214DC740008091C2 /* Release */,
			);
			defaultConfigurationIsVisible = 0;
			defaultConfigurationName = Release;
		};
		26B8072A214DC740008091C2 /* Build configuration list for PBXNativeTarget "FlaskNavTests" */ = {
			isa = XCConfigurationList;
			buildConfigurations = (
				26B8072B214DC740008091C2 /* Debug */,
				26B8072C214DC740008091C2 /* Release */,
			);
			defaultConfigurationIsVisible = 0;
			defaultConfigurationName = Release;
		};
/* End XCConfigurationList section */
	};
	rootObject = 26B80702214DC740008091C2 /* Project object */;
}
